// !$*UTF8*$!
{
	archiveVersion = 1;
	classes = {
	};
	objectVersion = 48;
	objects = {

/* Begin PBXBuildFile section */
		0416313E20408C3200446639 /* AllCitiesViewCell.swift in Sources */ = {isa = PBXBuildFile; fileRef = 0416313D20408C3200446639 /* AllCitiesViewCell.swift */; };
		0416314C20408F8900446639 /* AllCitiesTableVC.swift in Sources */ = {isa = PBXBuildFile; fileRef = 0416314B20408F8900446639 /* AllCitiesTableVC.swift */; };
		0416314E20408FC100446639 /* WeatherCollectionVC.swift in Sources */ = {isa = PBXBuildFile; fileRef = 0416314D20408FC100446639 /* WeatherCollectionVC.swift */; };
		041631522040A42300446639 /* MyCitiesTableVC.swift in Sources */ = {isa = PBXBuildFile; fileRef = 041631512040A42300446639 /* MyCitiesTableVC.swift */; };
		041631542040A66800446639 /* MyCitiesViewCell.swift in Sources */ = {isa = PBXBuildFile; fileRef = 041631532040A66800446639 /* MyCitiesViewCell.swift */; };
		041631562040ACC100446639 /* AlertHelper.swift in Sources */ = {isa = PBXBuildFile; fileRef = 041631552040ACC100446639 /* AlertHelper.swift */; };
		041631592040B4D800446639 /* WeatherViewCell.swift in Sources */ = {isa = PBXBuildFile; fileRef = 041631582040B4D800446639 /* WeatherViewCell.swift */; };
		0416315B2040C6BB00446639 /* SettingsTableVC.swift in Sources */ = {isa = PBXBuildFile; fileRef = 0416315A2040C6BB00446639 /* SettingsTableVC.swift */; };
		0416315E2040C6EC00446639 /* SettingsViewCell.swift in Sources */ = {isa = PBXBuildFile; fileRef = 0416315D2040C6EC00446639 /* SettingsViewCell.swift */; };
		04D219432049ED7D001E5B26 /* WeatherServices.swift in Sources */ = {isa = PBXBuildFile; fileRef = 04D219422049ED7D001E5B26 /* WeatherServices.swift */; };
		04D2195220518D26001E5B26 /* WeatherModel.swift in Sources */ = {isa = PBXBuildFile; fileRef = 04D2195120518D26001E5B26 /* WeatherModel.swift */; };
		04D37E6B20381B1100F958AF /* AppDelegate.swift in Sources */ = {isa = PBXBuildFile; fileRef = 04D37E6A20381B1100F958AF /* AppDelegate.swift */; };
		04D37E7020381B1100F958AF /* Main.storyboard in Resources */ = {isa = PBXBuildFile; fileRef = 04D37E6E20381B1100F958AF /* Main.storyboard */; };
		04D37E7220381B1100F958AF /* Assets.xcassets in Resources */ = {isa = PBXBuildFile; fileRef = 04D37E7120381B1100F958AF /* Assets.xcassets */; };
		04D37E7D2038445C00F958AF /* LoginVC.swift in Sources */ = {isa = PBXBuildFile; fileRef = 04D37E7C2038445C00F958AF /* LoginVC.swift */; };
		04EA44B6203C2F5E00074ACA /* Launch.storyboard in Resources */ = {isa = PBXBuildFile; fileRef = 04EA44B5203C2F5E00074ACA /* Launch.storyboard */; };
		C2541F30C436840D9BEF9311 /* Pods_myWeather_.framework in Frameworks */ = {isa = PBXBuildFile; fileRef = A6BA18A389E41779E9ED7F4D /* Pods_myWeather_.framework */; };
/* End PBXBuildFile section */

/* Begin PBXFileReference section */
		0416313D20408C3200446639 /* AllCitiesViewCell.swift */ = {isa = PBXFileReference; lastKnownFileType = sourcecode.swift; path = AllCitiesViewCell.swift; sourceTree = "<group>"; };
		0416314B20408F8900446639 /* AllCitiesTableVC.swift */ = {isa = PBXFileReference; lastKnownFileType = sourcecode.swift; path = AllCitiesTableVC.swift; sourceTree = "<group>"; };
		0416314D20408FC100446639 /* WeatherCollectionVC.swift */ = {isa = PBXFileReference; lastKnownFileType = sourcecode.swift; path = WeatherCollectionVC.swift; sourceTree = "<group>"; };
		041631512040A42300446639 /* MyCitiesTableVC.swift */ = {isa = PBXFileReference; lastKnownFileType = sourcecode.swift; path = MyCitiesTableVC.swift; sourceTree = "<group>"; };
		041631532040A66800446639 /* MyCitiesViewCell.swift */ = {isa = PBXFileReference; lastKnownFileType = sourcecode.swift; path = MyCitiesViewCell.swift; sourceTree = "<group>"; };
		041631552040ACC100446639 /* AlertHelper.swift */ = {isa = PBXFileReference; lastKnownFileType = sourcecode.swift; path = AlertHelper.swift; sourceTree = "<group>"; };
		041631582040B4D800446639 /* WeatherViewCell.swift */ = {isa = PBXFileReference; lastKnownFileType = sourcecode.swift; path = WeatherViewCell.swift; sourceTree = "<group>"; };
		0416315A2040C6BB00446639 /* SettingsTableVC.swift */ = {isa = PBXFileReference; lastKnownFileType = sourcecode.swift; path = SettingsTableVC.swift; sourceTree = "<group>"; };
		0416315D2040C6EC00446639 /* SettingsViewCell.swift */ = {isa = PBXFileReference; lastKnownFileType = sourcecode.swift; path = SettingsViewCell.swift; sourceTree = "<group>"; };
		04D219422049ED7D001E5B26 /* WeatherServices.swift */ = {isa = PBXFileReference; lastKnownFileType = sourcecode.swift; path = WeatherServices.swift; sourceTree = "<group>"; };
		04D2195120518D26001E5B26 /* WeatherModel.swift */ = {isa = PBXFileReference; lastKnownFileType = sourcecode.swift; path = WeatherModel.swift; sourceTree = "<group>"; };
		04D37E6720381B1100F958AF /* myWeather .app */ = {isa = PBXFileReference; explicitFileType = wrapper.application; includeInIndex = 0; path = "myWeather .app"; sourceTree = BUILT_PRODUCTS_DIR; };
		04D37E6A20381B1100F958AF /* AppDelegate.swift */ = {isa = PBXFileReference; lastKnownFileType = sourcecode.swift; path = AppDelegate.swift; sourceTree = "<group>"; };
		04D37E6F20381B1100F958AF /* Base */ = {isa = PBXFileReference; lastKnownFileType = file.storyboard; name = Base; path = Base.lproj/Main.storyboard; sourceTree = "<group>"; };
		04D37E7120381B1100F958AF /* Assets.xcassets */ = {isa = PBXFileReference; lastKnownFileType = folder.assetcatalog; path = Assets.xcassets; sourceTree = "<group>"; };
		04D37E7620381B1100F958AF /* Info.plist */ = {isa = PBXFileReference; lastKnownFileType = text.plist.xml; path = Info.plist; sourceTree = "<group>"; };
		04D37E7C2038445C00F958AF /* LoginVC.swift */ = {isa = PBXFileReference; lastKnownFileType = sourcecode.swift; path = LoginVC.swift; sourceTree = "<group>"; };
		04EA44B5203C2F5E00074ACA /* Launch.storyboard */ = {isa = PBXFileReference; lastKnownFileType = file.storyboard; path = Launch.storyboard; sourceTree = "<group>"; };
		6ECC219EA44C7FB8827390A3 /* Pods-myWeather .release.xcconfig */ = {isa = PBXFileReference; includeInIndex = 1; lastKnownFileType = text.xcconfig; name = "Pods-myWeather .release.xcconfig"; path = "Pods/Target Support Files/Pods-myWeather /Pods-myWeather .release.xcconfig"; sourceTree = "<group>"; };
		A428C5F4D1C7EF8984F72B79 /* Pods-myWeather .debug.xcconfig */ = {isa = PBXFileReference; includeInIndex = 1; lastKnownFileType = text.xcconfig; name = "Pods-myWeather .debug.xcconfig"; path = "Pods/Target Support Files/Pods-myWeather /Pods-myWeather .debug.xcconfig"; sourceTree = "<group>"; };
		A6BA18A389E41779E9ED7F4D /* Pods_myWeather_.framework */ = {isa = PBXFileReference; explicitFileType = wrapper.framework; includeInIndex = 0; path = Pods_myWeather_.framework; sourceTree = BUILT_PRODUCTS_DIR; };
/* End PBXFileReference section */

/* Begin PBXFrameworksBuildPhase section */
		04D37E6420381B1100F958AF /* Frameworks */ = {
			isa = PBXFrameworksBuildPhase;
			buildActionMask = 2147483647;
			files = (
				C2541F30C436840D9BEF9311 /* Pods_myWeather_.framework in Frameworks */,
			);
			runOnlyForDeploymentPostprocessing = 0;
		};
/* End PBXFrameworksBuildPhase section */

/* Begin PBXGroup section */
		04D2193E2049C91B001E5B26 /* Cells */ = {
			isa = PBXGroup;
			children = (
				041631532040A66800446639 /* MyCitiesViewCell.swift */,
				0416313D20408C3200446639 /* AllCitiesViewCell.swift */,
				041631582040B4D800446639 /* WeatherViewCell.swift */,
				0416315D2040C6EC00446639 /* SettingsViewCell.swift */,
			);
			path = Cells;
			sourceTree = "<group>";
		};
		04D2193F2049C965001E5B26 /* Services */ = {
			isa = PBXGroup;
			children = (
				041631552040ACC100446639 /* AlertHelper.swift */,
				04D219422049ED7D001E5B26 /* WeatherServices.swift */,
				04D2195120518D26001E5B26 /* WeatherModel.swift */,
			);
			path = Services;
			sourceTree = "<group>";
		};
		04D37E5E20381B1100F958AF = {
			isa = PBXGroup;
			children = (
				04D37E6920381B1100F958AF /* myWeather  */,
				04D37E6820381B1100F958AF /* Products */,
				53DCB8873AA61B622B27283E /* Pods */,
				27FB8D638D80A381B196A478 /* Frameworks */,
			);
			sourceTree = "<group>";
		};
		04D37E6820381B1100F958AF /* Products */ = {
			isa = PBXGroup;
			children = (
				04D37E6720381B1100F958AF /* myWeather .app */,
			);
			name = Products;
			sourceTree = "<group>";
		};
		04D37E6920381B1100F958AF /* myWeather  */ = {
			isa = PBXGroup;
			children = (
				04D2193F2049C965001E5B26 /* Services */,
				04D2193E2049C91B001E5B26 /* Cells */,
				04EEDEF72040516E004106E7 /* VCs */,
				04D37E6A20381B1100F958AF /* AppDelegate.swift */,
				04D37E6E20381B1100F958AF /* Main.storyboard */,
				04D37E7120381B1100F958AF /* Assets.xcassets */,
				04D37E7620381B1100F958AF /* Info.plist */,
				04EA44B5203C2F5E00074ACA /* Launch.storyboard */,
			);
			path = "myWeather ";
			sourceTree = "<group>";
		};
		04EEDEF72040516E004106E7 /* VCs */ = {
			isa = PBXGroup;
			children = (
				04D37E7C2038445C00F958AF /* LoginVC.swift */,
				041631512040A42300446639 /* MyCitiesTableVC.swift */,
				0416314B20408F8900446639 /* AllCitiesTableVC.swift */,
				0416314D20408FC100446639 /* WeatherCollectionVC.swift */,
				0416315A2040C6BB00446639 /* SettingsTableVC.swift */,
			);
			path = VCs;
			sourceTree = "<group>";
		};
		27FB8D638D80A381B196A478 /* Frameworks */ = {
			isa = PBXGroup;
			children = (
				A6BA18A389E41779E9ED7F4D /* Pods_myWeather_.framework */,
			);
			name = Frameworks;
			sourceTree = "<group>";
		};
		53DCB8873AA61B622B27283E /* Pods */ = {
			isa = PBXGroup;
			children = (
				A428C5F4D1C7EF8984F72B79 /* Pods-myWeather .debug.xcconfig */,
				6ECC219EA44C7FB8827390A3 /* Pods-myWeather .release.xcconfig */,
			);
			name = Pods;
			sourceTree = "<group>";
		};
/* End PBXGroup section */

/* Begin PBXNativeTarget section */
		04D37E6620381B1100F958AF /* myWeather  */ = {
			isa = PBXNativeTarget;
			buildConfigurationList = 04D37E7920381B1100F958AF /* Build configuration list for PBXNativeTarget "myWeather " */;
			buildPhases = (
				9F4890E3453C522ED7C7486F /* [CP] Check Pods Manifest.lock */,
				04D37E6320381B1100F958AF /* Sources */,
				04D37E6420381B1100F958AF /* Frameworks */,
				04D37E6520381B1100F958AF /* Resources */,
				DFD003E51B71765AB857BB5A /* [CP] Embed Pods Frameworks */,
				2384CBC12125661F9F55E114 /* [CP] Copy Pods Resources */,
			);
			buildRules = (
			);
			dependencies = (
			);
			name = "myWeather ";
			productName = iOSDevelopersCourse;
			productReference = 04D37E6720381B1100F958AF /* myWeather .app */;
			productType = "com.apple.product-type.application";
		};
/* End PBXNativeTarget section */

/* Begin PBXProject section */
		04D37E5F20381B1100F958AF /* Project object */ = {
			isa = PBXProject;
			attributes = {
				LastSwiftUpdateCheck = 0920;
				LastUpgradeCheck = 0920;
				ORGANIZATIONNAME = "Natalya Shikhalyova";
				TargetAttributes = {
					04D37E6620381B1100F958AF = {
						CreatedOnToolsVersion = 9.2;
						ProvisioningStyle = Automatic;
					};
				};
			};
			buildConfigurationList = 04D37E6220381B1100F958AF /* Build configuration list for PBXProject "myWeather " */;
			compatibilityVersion = "Xcode 8.0";
			developmentRegion = en;
			hasScannedForEncodings = 0;
			knownRegions = (
				en,
				Base,
			);
			mainGroup = 04D37E5E20381B1100F958AF;
			productRefGroup = 04D37E6820381B1100F958AF /* Products */;
			projectDirPath = "";
			projectRoot = "";
			targets = (
				04D37E6620381B1100F958AF /* myWeather  */,
			);
		};
/* End PBXProject section */

/* Begin PBXResourcesBuildPhase section */
		04D37E6520381B1100F958AF /* Resources */ = {
			isa = PBXResourcesBuildPhase;
			buildActionMask = 2147483647;
			files = (
				04D37E7220381B1100F958AF /* Assets.xcassets in Resources */,
				04D37E7020381B1100F958AF /* Main.storyboard in Resources */,
				04EA44B6203C2F5E00074ACA /* Launch.storyboard in Resources */,
			);
			runOnlyForDeploymentPostprocessing = 0;
		};
/* End PBXResourcesBuildPhase section */

/* Begin PBXShellScriptBuildPhase section */
		2384CBC12125661F9F55E114 /* [CP] Copy Pods Resources */ = {
			isa = PBXShellScriptBuildPhase;
			buildActionMask = 2147483647;
			files = (
			);
			inputPaths = (
			);
			name = "[CP] Copy Pods Resources";
			outputPaths = (
			);
			runOnlyForDeploymentPostprocessing = 0;
			shellPath = /bin/sh;
			shellScript = "\"${SRCROOT}/Pods/Target Support Files/Pods-myWeather /Pods-myWeather -resources.sh\"\n";
			showEnvVarsInLog = 0;
		};
		9F4890E3453C522ED7C7486F /* [CP] Check Pods Manifest.lock */ = {
			isa = PBXShellScriptBuildPhase;
			buildActionMask = 2147483647;
			files = (
			);
			inputPaths = (
				"${PODS_PODFILE_DIR_PATH}/Podfile.lock",
				"${PODS_ROOT}/Manifest.lock",
			);
			name = "[CP] Check Pods Manifest.lock";
			outputPaths = (
				"$(DERIVED_FILE_DIR)/Pods-myWeather -checkManifestLockResult.txt",
			);
			runOnlyForDeploymentPostprocessing = 0;
			shellPath = /bin/sh;
			shellScript = "diff \"${PODS_PODFILE_DIR_PATH}/Podfile.lock\" \"${PODS_ROOT}/Manifest.lock\" > /dev/null\nif [ $? != 0 ] ; then\n    # print error to STDERR\n    echo \"error: The sandbox is not in sync with the Podfile.lock. Run 'pod install' or update your CocoaPods installation.\" >&2\n    exit 1\nfi\n# This output is used by Xcode 'outputs' to avoid re-running this script phase.\necho \"SUCCESS\" > \"${SCRIPT_OUTPUT_FILE_0}\"\n";
			showEnvVarsInLog = 0;
		};
		DFD003E51B71765AB857BB5A /* [CP] Embed Pods Frameworks */ = {
			isa = PBXShellScriptBuildPhase;
			buildActionMask = 2147483647;
			files = (
			);
			inputPaths = (
				"${SRCROOT}/Pods/Target Support Files/Pods-myWeather /Pods-myWeather -frameworks.sh",
				"${BUILT_PRODUCTS_DIR}/Alamofire/Alamofire.framework",
				"${BUILT_PRODUCTS_DIR}/SwiftyJSON/SwiftyJSON.framework",
			);
			name = "[CP] Embed Pods Frameworks";
			outputPaths = (
				"${TARGET_BUILD_DIR}/${FRAMEWORKS_FOLDER_PATH}/Alamofire.framework",
				"${TARGET_BUILD_DIR}/${FRAMEWORKS_FOLDER_PATH}/SwiftyJSON.framework",
			);
			runOnlyForDeploymentPostprocessing = 0;
			shellPath = /bin/sh;
			shellScript = "\"${SRCROOT}/Pods/Target Support Files/Pods-myWeather /Pods-myWeather -frameworks.sh\"\n";
			showEnvVarsInLog = 0;
		};
/* End PBXShellScriptBuildPhase section */

/* Begin PBXSourcesBuildPhase section */
		04D37E6320381B1100F958AF /* Sources */ = {
			isa = PBXSourcesBuildPhase;
			buildActionMask = 2147483647;
			files = (
				04D219432049ED7D001E5B26 /* WeatherServices.swift in Sources */,
				041631522040A42300446639 /* MyCitiesTableVC.swift in Sources */,
				04D37E6B20381B1100F958AF /* AppDelegate.swift in Sources */,
				041631562040ACC100446639 /* AlertHelper.swift in Sources */,
				041631592040B4D800446639 /* WeatherViewCell.swift in Sources */,
				04D2195220518D26001E5B26 /* WeatherModel.swift in Sources */,
				0416313E20408C3200446639 /* AllCitiesViewCell.swift in Sources */,
				0416314C20408F8900446639 /* AllCitiesTableVC.swift in Sources */,
				0416315E2040C6EC00446639 /* SettingsViewCell.swift in Sources */,
				0416315B2040C6BB00446639 /* SettingsTableVC.swift in Sources */,
				04D37E7D2038445C00F958AF /* LoginVC.swift in Sources */,
				041631542040A66800446639 /* MyCitiesViewCell.swift in Sources */,
				0416314E20408FC100446639 /* WeatherCollectionVC.swift in Sources */,
			);
			runOnlyForDeploymentPostprocessing = 0;
		};
/* End PBXSourcesBuildPhase section */

/* Begin PBXVariantGroup section */
		04D37E6E20381B1100F958AF /* Main.storyboard */ = {
			isa = PBXVariantGroup;
			children = (
				04D37E6F20381B1100F958AF /* Base */,
			);
			name = Main.storyboard;
			sourceTree = "<group>";
		};
/* End PBXVariantGroup section */

/* Begin XCBuildConfiguration section */
		04D37E7720381B1100F958AF /* Debug */ = {
			isa = XCBuildConfiguration;
			buildSettings = {
				ALWAYS_SEARCH_USER_PATHS = NO;
				CLANG_ANALYZER_NONNULL = YES;
				CLANG_ANALYZER_NUMBER_OBJECT_CONVERSION = YES_AGGRESSIVE;
				CLANG_CXX_LANGUAGE_STANDARD = "gnu++14";
				CLANG_CXX_LIBRARY = "libc++";
				CLANG_ENABLE_MODULES = YES;
				CLANG_ENABLE_OBJC_ARC = YES;
				CLANG_WARN_BLOCK_CAPTURE_AUTORELEASING = YES;
				CLANG_WARN_BOOL_CONVERSION = YES;
				CLANG_WARN_COMMA = YES;
				CLANG_WARN_CONSTANT_CONVERSION = YES;
				CLANG_WARN_DIRECT_OBJC_ISA_USAGE = YES_ERROR;
				CLANG_WARN_DOCUMENTATION_COMMENTS = YES;
				CLANG_WARN_EMPTY_BODY = YES;
				CLANG_WARN_ENUM_CONVERSION = YES;
				CLANG_WARN_INFINITE_RECURSION = YES;
				CLANG_WARN_INT_CONVERSION = YES;
				CLANG_WARN_NON_LITERAL_NULL_CONVERSION = YES;
				CLANG_WARN_OBJC_LITERAL_CONVERSION = YES;
				CLANG_WARN_OBJC_ROOT_CLASS = YES_ERROR;
				CLANG_WARN_RANGE_LOOP_ANALYSIS = YES;
				CLANG_WARN_STRICT_PROTOTYPES = YES;
				CLANG_WARN_SUSPICIOUS_MOVE = YES;
				CLANG_WARN_UNGUARDED_AVAILABILITY = YES_AGGRESSIVE;
				CLANG_WARN_UNREACHABLE_CODE = YES;
				CLANG_WARN__DUPLICATE_METHOD_MATCH = YES;
				CODE_SIGN_IDENTITY = "iPhone Developer";
				COPY_PHASE_STRIP = NO;
				DEBUG_INFORMATION_FORMAT = dwarf;
				ENABLE_STRICT_OBJC_MSGSEND = YES;
				ENABLE_TESTABILITY = YES;
				GCC_C_LANGUAGE_STANDARD = gnu11;
				GCC_DYNAMIC_NO_PIC = NO;
				GCC_NO_COMMON_BLOCKS = YES;
				GCC_OPTIMIZATION_LEVEL = 0;
				GCC_PREPROCESSOR_DEFINITIONS = (
					"DEBUG=1",
					"$(inherited)",
				);
				GCC_WARN_64_TO_32_BIT_CONVERSION = YES;
				GCC_WARN_ABOUT_RETURN_TYPE = YES_ERROR;
				GCC_WARN_UNDECLARED_SELECTOR = YES;
				GCC_WARN_UNINITIALIZED_AUTOS = YES_AGGRESSIVE;
				GCC_WARN_UNUSED_FUNCTION = YES;
				GCC_WARN_UNUSED_VARIABLE = YES;
				IPHONEOS_DEPLOYMENT_TARGET = 11.2;
				MTL_ENABLE_DEBUG_INFO = YES;
				ONLY_ACTIVE_ARCH = YES;
				SDKROOT = iphoneos;
				SWIFT_ACTIVE_COMPILATION_CONDITIONS = DEBUG;
				SWIFT_OPTIMIZATION_LEVEL = "-Onone";
			};
			name = Debug;
		};
		04D37E7820381B1100F958AF /* Release */ = {
			isa = XCBuildConfiguration;
			buildSettings = {
				ALWAYS_SEARCH_USER_PATHS = NO;
				CLANG_ANALYZER_NONNULL = YES;
				CLANG_ANALYZER_NUMBER_OBJECT_CONVERSION = YES_AGGRESSIVE;
				CLANG_CXX_LANGUAGE_STANDARD = "gnu++14";
				CLANG_CXX_LIBRARY = "libc++";
				CLANG_ENABLE_MODULES = YES;
				CLANG_ENABLE_OBJC_ARC = YES;
				CLANG_WARN_BLOCK_CAPTURE_AUTORELEASING = YES;
				CLANG_WARN_BOOL_CONVERSION = YES;
				CLANG_WARN_COMMA = YES;
				CLANG_WARN_CONSTANT_CONVERSION = YES;
				CLANG_WARN_DIRECT_OBJC_ISA_USAGE = YES_ERROR;
				CLANG_WARN_DOCUMENTATION_COMMENTS = YES;
				CLANG_WARN_EMPTY_BODY = YES;
				CLANG_WARN_ENUM_CONVERSION = YES;
				CLANG_WARN_INFINITE_RECURSION = YES;
				CLANG_WARN_INT_CONVERSION = YES;
				CLANG_WARN_NON_LITERAL_NULL_CONVERSION = YES;
				CLANG_WARN_OBJC_LITERAL_CONVERSION = YES;
				CLANG_WARN_OBJC_ROOT_CLASS = YES_ERROR;
				CLANG_WARN_RANGE_LOOP_ANALYSIS = YES;
				CLANG_WARN_STRICT_PROTOTYPES = YES;
				CLANG_WARN_SUSPICIOUS_MOVE = YES;
				CLANG_WARN_UNGUARDED_AVAILABILITY = YES_AGGRESSIVE;
				CLANG_WARN_UNREACHABLE_CODE = YES;
				CLANG_WARN__DUPLICATE_METHOD_MATCH = YES;
				CODE_SIGN_IDENTITY = "iPhone Developer";
				COPY_PHASE_STRIP = NO;
				DEBUG_INFORMATION_FORMAT = "dwarf-with-dsym";
				ENABLE_NS_ASSERTIONS = NO;
				ENABLE_STRICT_OBJC_MSGSEND = YES;
				GCC_C_LANGUAGE_STANDARD = gnu11;
				GCC_NO_COMMON_BLOCKS = YES;
				GCC_WARN_64_TO_32_BIT_CONVERSION = YES;
				GCC_WARN_ABOUT_RETURN_TYPE = YES_ERROR;
				GCC_WARN_UNDECLARED_SELECTOR = YES;
				GCC_WARN_UNINITIALIZED_AUTOS = YES_AGGRESSIVE;
				GCC_WARN_UNUSED_FUNCTION = YES;
				GCC_WARN_UNUSED_VARIABLE = YES;
				IPHONEOS_DEPLOYMENT_TARGET = 11.2;
				MTL_ENABLE_DEBUG_INFO = NO;
				SDKROOT = iphoneos;
				SWIFT_OPTIMIZATION_LEVEL = "-Owholemodule";
				VALIDATE_PRODUCT = YES;
			};
			name = Release;
		};
		04D37E7A20381B1100F958AF /* Debug */ = {
			isa = XCBuildConfiguration;
			baseConfigurationReference = A428C5F4D1C7EF8984F72B79 /* Pods-myWeather .debug.xcconfig */;
			buildSettings = {
				ASSETCATALOG_COMPILER_APPICON_NAME = AppIcon;
				CODE_SIGN_STYLE = Automatic;
				DEVELOPMENT_TEAM = G4SYRYWB23;
				INFOPLIST_FILE = "$(SRCROOT)/myWeather /Info.plist";
				IPHONEOS_DEPLOYMENT_TARGET = 9.0;
				LD_RUNPATH_SEARCH_PATHS = "$(inherited) @executable_path/Frameworks";
				PRODUCT_BUNDLE_IDENTIFIER = "na-shi.myWeather";
				PRODUCT_NAME = "$(TARGET_NAME)";
				SWIFT_VERSION = 4.0;
				TARGETED_DEVICE_FAMILY = "1,2";
			};
			name = Debug;
		};
		04D37E7B20381B1100F958AF /* Release */ = {
			isa = XCBuildConfiguration;
			baseConfigurationReference = 6ECC219EA44C7FB8827390A3 /* Pods-myWeather .release.xcconfig */;
			buildSettings = {
				ASSETCATALOG_COMPILER_APPICON_NAME = AppIcon;
				CODE_SIGN_STYLE = Automatic;
				DEVELOPMENT_TEAM = G4SYRYWB23;
				INFOPLIST_FILE = "$(SRCROOT)/myWeather /Info.plist";
				IPHONEOS_DEPLOYMENT_TARGET = 9.0;
				LD_RUNPATH_SEARCH_PATHS = "$(inherited) @executable_path/Frameworks";
				PRODUCT_BUNDLE_IDENTIFIER = "na-shi.myWeather";
				PRODUCT_NAME = "$(TARGET_NAME)";
				SWIFT_VERSION = 4.0;
				TARGETED_DEVICE_FAMILY = "1,2";
			};
			name = Release;
		};
/* End XCBuildConfiguration section */

/* Begin XCConfigurationList section */
		04D37E6220381B1100F958AF /* Build configuration list for PBXProject "myWeather " */ = {
			isa = XCConfigurationList;
			buildConfigurations = (
				04D37E7720381B1100F958AF /* Debug */,
				04D37E7820381B1100F958AF /* Release */,
			);
			defaultConfigurationIsVisible = 0;
			defaultConfigurationName = Release;
		};
		04D37E7920381B1100F958AF /* Build configuration list for PBXNativeTarget "myWeather " */ = {
			isa = XCConfigurationList;
			buildConfigurations = (
				04D37E7A20381B1100F958AF /* Debug */,
				04D37E7B20381B1100F958AF /* Release */,
			);
			defaultConfigurationIsVisible = 0;
			defaultConfigurationName = Release;
		};
/* End XCConfigurationList section */
	};
	rootObject = 04D37E5F20381B1100F958AF /* Project object */;
}
